
Microsoft Visual Studio Solution File, Format Version 12.00
# Visual Studio 14
VisualStudioVersion = 14.0.25420.1
MinimumVisualStudioVersion = 10.0.40219.1
Project("{2150E333-8FDC-42A3-9474-1A3956D46DE8}") = "排序", "排序", "{52EA962B-B39E-4867-87A7-12986DA0FC56}"
EndProject
Project("{2150E333-8FDC-42A3-9474-1A3956D46DE8}") = "查找", "查找", "{3242CB9B-7D57-4DAE-A803-CAEEA3D93AE2}"
EndProject
Project("{2150E333-8FDC-42A3-9474-1A3956D46DE8}") = "递归", "递归", "{4CBBB0D4-AC87-4E0F-B1AF-F24F71B48A82}"
EndProject
Project("{2150E333-8FDC-42A3-9474-1A3956D46DE8}") = "高级算法", "高级算法", "{ABE450C5-8428-420E-A4D0-233B8B11527A}"
EndProject
Project("{2150E333-8FDC-42A3-9474-1A3956D46DE8}") = "Test", "Test", "{A56D8985-9B8A-4E0E-AACD-AD29B6DFD6DF}"
EndProject
Project("{8BC9CEB8-8B4A-11D0-8D11-00A0C91BC942}") = "Sort", "排序\排序.vcxproj", "{F9581DE1-D947-4C59-9E6A-E4E6893C57A6}"
EndProject
Project("{8BC9CEB8-8B4A-11D0-8D11-00A0C91BC942}") = "SortTest", "UnitTest1\UnitTest1.vcxproj", "{169FD90B-494B-4D89-A787-8993BB1179FF}"
EndProject
Project("{2150E333-8FDC-42A3-9474-1A3956D46DE8}") = "数据结构", "数据结构", "{7711FD3F-8D5F-47A9-B8A1-F9F0B5C1C794}"
EndProject
Project("{2150E333-8FDC-42A3-9474-1A3956D46DE8}") = "链表", "链表", "{D3112E5F-224C-4EF6-939F-2966050D3441}"
EndProject
Project("{8BC9CEB8-8B4A-11D0-8D11-00A0C91BC942}") = "Search", "Search\Search.vcxproj", "{86B86C60-6A48-4126-B0B6-E8734CA94544}"
EndProject
Global
	GlobalSection(SolutionConfigurationPlatforms) = preSolution
		Debug|x64 = Debug|x64
		Debug|x86 = Debug|x86
		Release|x64 = Release|x64
		Release|x86 = Release|x86
	EndGlobalSection
	GlobalSection(ProjectConfigurationPlatforms) = postSolution
		{F9581DE1-D947-4C59-9E6A-E4E6893C57A6}.Debug|x64.ActiveCfg = Debug|x64
		{F9581DE1-D947-4C59-9E6A-E4E6893C57A6}.Debug|x64.Build.0 = Debug|x64
		{F9581DE1-D947-4C59-9E6A-E4E6893C57A6}.Debug|x86.ActiveCfg = Debug|Win32
		{F9581DE1-D947-4C59-9E6A-E4E6893C57A6}.Debug|x86.Build.0 = Debug|Win32
		{F9581DE1-D947-4C59-9E6A-E4E6893C57A6}.Release|x64.ActiveCfg = Release|x64
		{F9581DE1-D947-4C59-9E6A-E4E6893C57A6}.Release|x64.Build.0 = Release|x64
		{F9581DE1-D947-4C59-9E6A-E4E6893C57A6}.Release|x86.ActiveCfg = Release|Win32
		{F9581DE1-D947-4C59-9E6A-E4E6893C57A6}.Release|x86.Build.0 = Release|Win32
		{169FD90B-494B-4D89-A787-8993BB1179FF}.Debug|x64.ActiveCfg = Debug|x64
		{169FD90B-494B-4D89-A787-8993BB1179FF}.Debug|x64.Build.0 = Debug|x64
		{169FD90B-494B-4D89-A787-8993BB1179FF}.Debug|x86.ActiveCfg = Debug|Win32
		{169FD90B-494B-4D89-A787-8993BB1179FF}.Debug|x86.Build.0 = Debug|Win32
		{169FD90B-494B-4D89-A787-8993BB1179FF}.Release|x64.ActiveCfg = Release|x64
		{169FD90B-494B-4D89-A787-8993BB1179FF}.Release|x64.Build.0 = Release|x64
		{169FD90B-494B-4D89-A787-8993BB1179FF}.Release|x86.ActiveCfg = Release|Win32
		{169FD90B-494B-4D89-A787-8993BB1179FF}.Release|x86.Build.0 = Release|Win32
		{86B86C60-6A48-4126-B0B6-E8734CA94544}.Debug|x64.ActiveCfg = Debug|x64
		{86B86C60-6A48-4126-B0B6-E8734CA94544}.Debug|x64.Build.0 = Debug|x64
		{86B86C60-6A48-4126-B0B6-E8734CA94544}.Debug|x86.ActiveCfg = Debug|Win32
		{86B86C60-6A48-4126-B0B6-E8734CA94544}.Debug|x86.Build.0 = Debug|Win32
		{86B86C60-6A48-4126-B0B6-E8734CA94544}.Release|x64.ActiveCfg = Release|x64
		{86B86C60-6A48-4126-B0B6-E8734CA94544}.Release|x64.Build.0 = Release|x64
		{86B86C60-6A48-4126-B0B6-E8734CA94544}.Release|x86.ActiveCfg = Release|Win32
		{86B86C60-6A48-4126-B0B6-E8734CA94544}.Release|x86.Build.0 = Release|Win32
	EndGlobalSection
	GlobalSection(SolutionProperties) = preSolution
		HideSolutionNode = FALSE
	EndGlobalSection
	GlobalSection(NestedProjects) = preSolution
		{F9581DE1-D947-4C59-9E6A-E4E6893C57A6} = {52EA962B-B39E-4867-87A7-12986DA0FC56}
		{169FD90B-494B-4D89-A787-8993BB1179FF} = {A56D8985-9B8A-4E0E-AACD-AD29B6DFD6DF}
		{D3112E5F-224C-4EF6-939F-2966050D3441} = {7711FD3F-8D5F-47A9-B8A1-F9F0B5C1C794}
		{86B86C60-6A48-4126-B0B6-E8734CA94544} = {3242CB9B-7D57-4DAE-A803-CAEEA3D93AE2}
	EndGlobalSection
EndGlobal
