
Microsoft Visual Studio Solution File, Format Version 12.00
# Visual Studio 14
VisualStudioVersion = 14.0.25420.1
MinimumVisualStudioVersion = 10.0.40219.1
Project("{2150E333-8FDC-42A3-9474-1A3956D46DE8}") = "排序", "排序", "{52EA962B-B39E-4867-87A7-12986DA0FC56}"
EndProject
Project("{2150E333-8FDC-42A3-9474-1A3956D46DE8}") = "查找", "查找", "{3242CB9B-7D57-4DAE-A803-CAEEA3D93AE2}"
EndProject
Project("{2150E333-8FDC-42A3-9474-1A3956D46DE8}") = "递归", "递归", "{4CBBB0D4-AC87-4E0F-B1AF-F24F71B48A82}"
EndProject
Project("{2150E333-8FDC-42A3-9474-1A3956D46DE8}") = "高级算法", "高级算法", "{ABE450C5-8428-420E-A4D0-233B8B11527A}"
EndProject
Project("{2150E333-8FDC-42A3-9474-1A3956D46DE8}") = "Test", "Test", "{A56D8985-9B8A-4E0E-AACD-AD29B6DFD6DF}"
EndProject
Project("{8BC9CEB8-8B4A-11D0-8D11-00A0C91BC942}") = "Sort", "排序\排序.vcxproj", "{F9581DE1-D947-4C59-9E6A-E4E6893C57A6}"
EndProject
Project("{2150E333-8FDC-42A3-9474-1A3956D46DE8}") = "数据结构", "数据结构", "{7711FD3F-8D5F-47A9-B8A1-F9F0B5C1C794}"
EndProject
Project("{2150E333-8FDC-42A3-9474-1A3956D46DE8}") = "链表", "链表", "{D3112E5F-224C-4EF6-939F-2966050D3441}"
EndProject
Project("{8BC9CEB8-8B4A-11D0-8D11-00A0C91BC942}") = "Search", "Search\Search.vcxproj", "{86B86C60-6A48-4126-B0B6-E8734CA94544}"
EndProject
Project("{2150E333-8FDC-42A3-9474-1A3956D46DE8}") = "标准库", "标准库", "{558AF125-9A8D-4FA4-8F65-0ADBA072DC5C}"
EndProject
Project("{8BC9CEB8-8B4A-11D0-8D11-00A0C91BC942}") = "STL", "STL\STL.vcxproj", "{96C8F6FE-1568-42F8-A3FD-1B376B0C48B6}"
EndProject
Project("{8BC9CEB8-8B4A-11D0-8D11-00A0C91BC942}") = "LinkList", "LinkList\LinkList.vcxproj", "{5E4DF6A1-0A6D-4700-BD14-0613ECD603F3}"
EndProject
Project("{2150E333-8FDC-42A3-9474-1A3956D46DE8}") = "LeetCode", "LeetCode", "{D2D8292C-5A37-42B6-9EE1-F122F22DCEB9}"
EndProject
Project("{2150E333-8FDC-42A3-9474-1A3956D46DE8}") = "树", "树", "{83A81C5F-B552-4E09-9D4A-128911CA33FA}"
EndProject
Project("{8BC9CEB8-8B4A-11D0-8D11-00A0C91BC942}") = "TreeCpp", "TreeCpp\TreeCpp.vcxproj", "{476409FF-1761-4CE8-A004-1B13F1FE375E}"
EndProject
Project("{2150E333-8FDC-42A3-9474-1A3956D46DE8}") = "泛型", "泛型", "{65181272-D169-4DF0-A640-2D5EA94CC306}"
EndProject
Project("{8BC9CEB8-8B4A-11D0-8D11-00A0C91BC942}") = "templateDemo", "templateDemo\templateDemo.vcxproj", "{E4DE30E9-2E8C-4133-953C-AD6EC25F1272}"
EndProject
Project("{8BC9CEB8-8B4A-11D0-8D11-00A0C91BC942}") = "StringDemo", "string\string.vcxproj", "{8A6D3152-BA4D-4C49-AA67-BEA158AE921C}"
EndProject
Project("{8BC9CEB8-8B4A-11D0-8D11-00A0C91BC942}") = "StackCpp", "Stack\Stack.vcxproj", "{EBA3B9FE-7C77-48DD-BA94-C2564F060794}"
EndProject
Project("{2150E333-8FDC-42A3-9474-1A3956D46DE8}") = "基础", "基础", "{28DD8953-0D59-4CA3-A5D0-C00BA2D9C92A}"
EndProject
Project("{2150E333-8FDC-42A3-9474-1A3956D46DE8}") = "栈", "栈", "{B351FF65-7B44-44F3-88E4-05CD520883B4}"
EndProject
Project("{2150E333-8FDC-42A3-9474-1A3956D46DE8}") = "设计模式", "设计模式", "{14F32815-503F-4EFD-9525-E36C7A54B1B9}"
EndProject
Project("{FAE04EC0-301F-11D3-BF4B-00C04F79EFBC}") = "DesignPattern", "DesignPattern\DesignPattern.csproj", "{C024445B-774A-43AE-B726-ED7475406EFF}"
EndProject
Project("{8BC9CEB8-8B4A-11D0-8D11-00A0C91BC942}") = "Algorithm", "Algorithm\Algorithm.vcxproj", "{0B110060-4727-4C93-B2CC-64BF730FFB92}"
EndProject
Project("{2150E333-8FDC-42A3-9474-1A3956D46DE8}") = "历年真题", "历年真题", "{A4F165F9-A304-46B6-B0AC-4DF24587950D}"
EndProject
Project("{2150E333-8FDC-42A3-9474-1A3956D46DE8}") = "华为", "华为", "{CAE48B5E-5752-403C-B263-0070C6FC68CB}"
EndProject
Project("{2150E333-8FDC-42A3-9474-1A3956D46DE8}") = "TcpUdp", "TcpUdp", "{B1456916-A842-4066-BFE1-2D455AA08483}"
	ProjectSection(SolutionItems) = preProject
		TcpUdp\readme.cn.md.txt = TcpUdp\readme.cn.md.txt
	EndProjectSection
EndProject
Project("{2150E333-8FDC-42A3-9474-1A3956D46DE8}") = "Sever", "Sever", "{EEB77E41-72BC-4799-92A7-D23DC1165498}"
EndProject
Project("{2150E333-8FDC-42A3-9474-1A3956D46DE8}") = "Client", "Client", "{EE7AC6C2-A9C2-45A7-A757-8077F6D7AED2}"
EndProject
Project("{8BC9CEB8-8B4A-11D0-8D11-00A0C91BC942}") = "TcpClient", "TcpUdp\Client\TCPLearningClient.vcxproj", "{12610208-F0DA-4D54-A469-04D127036AD6}"
EndProject
Project("{8BC9CEB8-8B4A-11D0-8D11-00A0C91BC942}") = "TcpServer", "TcpUdp\Server\TCPIPLearningServer.vcxproj", "{7858CDB5-57F2-471A-B503-AFA03722CE8B}"
EndProject
Project("{2150E333-8FDC-42A3-9474-1A3956D46DE8}") = "Multithreading", "Multithreading", "{7CDED26D-8585-43EC-BFC5-A3A513C80CF2}"
EndProject
Project("{FAE04EC0-301F-11D3-BF4B-00C04F79EFBC}") = "ThreadCSharp", "ThreadCSharp\ThreadCSharp.csproj", "{C7AD6B38-79BE-4FAA-9344-2F4D7A0BD407}"
EndProject
Project("{8BC9CEB8-8B4A-11D0-8D11-00A0C91BC942}") = "HuaWei", "HuaWei\HuaWei.vcxproj", "{E8E2FF3F-D0A5-41FE-95AC-2E228C94601B}"
EndProject
Project("{888888A0-9F3D-457C-B088-3A5042F75D52}") = "LeetCodePython", "LeetCode\LeetCodePython\LeetCodePython.pyproj", "{C0DFF160-18CA-4548-B288-4503DDF26577}"
EndProject
Project("{8BC9CEB8-8B4A-11D0-8D11-00A0C91BC942}") = "LeetCodeCpp", "LeetCode\LeetCodeCpp\LeetCodeCpp.vcxproj", "{BFC37384-01C9-47E3-97C6-AED2A052DADA}"
EndProject
Project("{FAE04EC0-301F-11D3-BF4B-00C04F79EFBC}") = "LeetCodeCSharp", "LeetCode\LeetCodeCSharp\LeetCodeCSharp.csproj", "{FF2C8C81-083C-459F-9443-1024483A5433}"
EndProject
Project("{8BC9CEB8-8B4A-11D0-8D11-00A0C91BC942}") = "LeetCodeCppTest", "Test\LeetCodeCppTest\LeetCodeCppTest.vcxproj", "{186BCAF5-561C-438E-8E73-268A51BB7314}"
EndProject
Project("{8BC9CEB8-8B4A-11D0-8D11-00A0C91BC942}") = "SearchTest", "Test\SearchTest\SearchTest.vcxproj", "{880AD426-76C4-40D2-A423-7A80D4F2EE73}"
EndProject
Project("{8BC9CEB8-8B4A-11D0-8D11-00A0C91BC942}") = "SortTest", "Test\SortTest\UnitTest1.vcxproj", "{169FD90B-494B-4D89-A787-8993BB1179FF}"
EndProject
Project("{8BC9CEB8-8B4A-11D0-8D11-00A0C91BC942}") = "STLTest", "Test\STLTest\STLTest.vcxproj", "{CC3111B8-946E-4AB4-90ED-D0F663710D17}"
EndProject
Project("{8BC9CEB8-8B4A-11D0-8D11-00A0C91BC942}") = "ThreadCpp", "ThreadCpp\ThreadCpp.vcxproj", "{9893FB45-6614-44A7-8747-B33ED510CE92}"
EndProject
Project("{2150E333-8FDC-42A3-9474-1A3956D46DE8}") = "并发", "并发", "{71DC5A67-0193-447F-A0C4-9A278201D553}"
EndProject
Project("{8BC9CEB8-8B4A-11D0-8D11-00A0C91BC942}") = "ConcurrencyTest", "TcpUdp\并发\CoroutineSever\CoroutineSever.vcxproj", "{127B0BA0-79C7-4BF2-AD00-1DC6891ED0B3}"
EndProject
Project("{8BC9CEB8-8B4A-11D0-8D11-00A0C91BC942}") = "WSAEventSelectModel", "TcpUdp\WSAEventSelectModel\AsyncTcpServer.vcxproj", "{AC2606FE-9732-4EA9-B279-35A66C276898}"
EndProject
Project("{8BC9CEB8-8B4A-11D0-8D11-00A0C91BC942}") = "IOCPModel", "TcpUdp\IOCPModel\IOCPModel.vcxproj", "{CC441BF4-7D5A-41AB-A714-0A82FBF92076}"
EndProject
Project("{8BC9CEB8-8B4A-11D0-8D11-00A0C91BC942}") = "memory", "基础\内存管理\memory\memory.vcxproj", "{47000FA2-1F99-4261-B473-F94734938E07}"
EndProject
Project("{8BC9CEB8-8B4A-11D0-8D11-00A0C91BC942}") = "位运算", "基础\位运算\位运算.vcxproj", "{90B80B3E-CDA3-4C04-9B60-02BD3B919145}"
EndProject
Project("{8BC9CEB8-8B4A-11D0-8D11-00A0C91BC942}") = "pointer", "基础\指针\pointer\pointer.vcxproj", "{AB89E92F-4CF4-4693-96C3-1698F145E46A}"
EndProject
Project("{8BC9CEB8-8B4A-11D0-8D11-00A0C91BC942}") = "LeetCodeSql", "LeetCode\LeetCodeSql\LeetCodeSql.vcxproj", "{572BCE70-1D7B-45BB-AE65-67A3101D259D}"
EndProject
Global
	GlobalSection(SolutionConfigurationPlatforms) = preSolution
		Debug|Any CPU = Debug|Any CPU
		Debug|x64 = Debug|x64
		Debug|x86 = Debug|x86
		Release|Any CPU = Release|Any CPU
		Release|x64 = Release|x64
		Release|x86 = Release|x86
	EndGlobalSection
	GlobalSection(ProjectConfigurationPlatforms) = postSolution
		{F9581DE1-D947-4C59-9E6A-E4E6893C57A6}.Debug|Any CPU.ActiveCfg = Debug|Win32
		{F9581DE1-D947-4C59-9E6A-E4E6893C57A6}.Debug|x64.ActiveCfg = Debug|x64
		{F9581DE1-D947-4C59-9E6A-E4E6893C57A6}.Debug|x64.Build.0 = Debug|x64
		{F9581DE1-D947-4C59-9E6A-E4E6893C57A6}.Debug|x86.ActiveCfg = Debug|Win32
		{F9581DE1-D947-4C59-9E6A-E4E6893C57A6}.Debug|x86.Build.0 = Debug|Win32
		{F9581DE1-D947-4C59-9E6A-E4E6893C57A6}.Release|Any CPU.ActiveCfg = Release|Win32
		{F9581DE1-D947-4C59-9E6A-E4E6893C57A6}.Release|x64.ActiveCfg = Release|x64
		{F9581DE1-D947-4C59-9E6A-E4E6893C57A6}.Release|x64.Build.0 = Release|x64
		{F9581DE1-D947-4C59-9E6A-E4E6893C57A6}.Release|x86.ActiveCfg = Release|Win32
		{F9581DE1-D947-4C59-9E6A-E4E6893C57A6}.Release|x86.Build.0 = Release|Win32
		{86B86C60-6A48-4126-B0B6-E8734CA94544}.Debug|Any CPU.ActiveCfg = Debug|Win32
		{86B86C60-6A48-4126-B0B6-E8734CA94544}.Debug|x64.ActiveCfg = Debug|x64
		{86B86C60-6A48-4126-B0B6-E8734CA94544}.Debug|x64.Build.0 = Debug|x64
		{86B86C60-6A48-4126-B0B6-E8734CA94544}.Debug|x86.ActiveCfg = Debug|Win32
		{86B86C60-6A48-4126-B0B6-E8734CA94544}.Debug|x86.Build.0 = Debug|Win32
		{86B86C60-6A48-4126-B0B6-E8734CA94544}.Release|Any CPU.ActiveCfg = Release|Win32
		{86B86C60-6A48-4126-B0B6-E8734CA94544}.Release|x64.ActiveCfg = Release|x64
		{86B86C60-6A48-4126-B0B6-E8734CA94544}.Release|x64.Build.0 = Release|x64
		{86B86C60-6A48-4126-B0B6-E8734CA94544}.Release|x86.ActiveCfg = Release|Win32
		{86B86C60-6A48-4126-B0B6-E8734CA94544}.Release|x86.Build.0 = Release|Win32
		{96C8F6FE-1568-42F8-A3FD-1B376B0C48B6}.Debug|Any CPU.ActiveCfg = Debug|Win32
		{96C8F6FE-1568-42F8-A3FD-1B376B0C48B6}.Debug|x64.ActiveCfg = Debug|x64
		{96C8F6FE-1568-42F8-A3FD-1B376B0C48B6}.Debug|x64.Build.0 = Debug|x64
		{96C8F6FE-1568-42F8-A3FD-1B376B0C48B6}.Debug|x86.ActiveCfg = Debug|Win32
		{96C8F6FE-1568-42F8-A3FD-1B376B0C48B6}.Debug|x86.Build.0 = Debug|Win32
		{96C8F6FE-1568-42F8-A3FD-1B376B0C48B6}.Release|Any CPU.ActiveCfg = Release|Win32
		{96C8F6FE-1568-42F8-A3FD-1B376B0C48B6}.Release|x64.ActiveCfg = Release|x64
		{96C8F6FE-1568-42F8-A3FD-1B376B0C48B6}.Release|x64.Build.0 = Release|x64
		{96C8F6FE-1568-42F8-A3FD-1B376B0C48B6}.Release|x86.ActiveCfg = Release|Win32
		{96C8F6FE-1568-42F8-A3FD-1B376B0C48B6}.Release|x86.Build.0 = Release|Win32
		{5E4DF6A1-0A6D-4700-BD14-0613ECD603F3}.Debug|Any CPU.ActiveCfg = Debug|Win32
		{5E4DF6A1-0A6D-4700-BD14-0613ECD603F3}.Debug|x64.ActiveCfg = Debug|x64
		{5E4DF6A1-0A6D-4700-BD14-0613ECD603F3}.Debug|x64.Build.0 = Debug|x64
		{5E4DF6A1-0A6D-4700-BD14-0613ECD603F3}.Debug|x86.ActiveCfg = Debug|Win32
		{5E4DF6A1-0A6D-4700-BD14-0613ECD603F3}.Debug|x86.Build.0 = Debug|Win32
		{5E4DF6A1-0A6D-4700-BD14-0613ECD603F3}.Release|Any CPU.ActiveCfg = Release|Win32
		{5E4DF6A1-0A6D-4700-BD14-0613ECD603F3}.Release|x64.ActiveCfg = Release|x64
		{5E4DF6A1-0A6D-4700-BD14-0613ECD603F3}.Release|x64.Build.0 = Release|x64
		{5E4DF6A1-0A6D-4700-BD14-0613ECD603F3}.Release|x86.ActiveCfg = Release|Win32
		{5E4DF6A1-0A6D-4700-BD14-0613ECD603F3}.Release|x86.Build.0 = Release|Win32
		{476409FF-1761-4CE8-A004-1B13F1FE375E}.Debug|Any CPU.ActiveCfg = Debug|Win32
		{476409FF-1761-4CE8-A004-1B13F1FE375E}.Debug|x64.ActiveCfg = Debug|x64
		{476409FF-1761-4CE8-A004-1B13F1FE375E}.Debug|x64.Build.0 = Debug|x64
		{476409FF-1761-4CE8-A004-1B13F1FE375E}.Debug|x86.ActiveCfg = Debug|Win32
		{476409FF-1761-4CE8-A004-1B13F1FE375E}.Debug|x86.Build.0 = Debug|Win32
		{476409FF-1761-4CE8-A004-1B13F1FE375E}.Release|Any CPU.ActiveCfg = Release|Win32
		{476409FF-1761-4CE8-A004-1B13F1FE375E}.Release|x64.ActiveCfg = Release|x64
		{476409FF-1761-4CE8-A004-1B13F1FE375E}.Release|x64.Build.0 = Release|x64
		{476409FF-1761-4CE8-A004-1B13F1FE375E}.Release|x86.ActiveCfg = Release|Win32
		{476409FF-1761-4CE8-A004-1B13F1FE375E}.Release|x86.Build.0 = Release|Win32
		{E4DE30E9-2E8C-4133-953C-AD6EC25F1272}.Debug|Any CPU.ActiveCfg = Debug|Win32
		{E4DE30E9-2E8C-4133-953C-AD6EC25F1272}.Debug|x64.ActiveCfg = Debug|x64
		{E4DE30E9-2E8C-4133-953C-AD6EC25F1272}.Debug|x64.Build.0 = Debug|x64
		{E4DE30E9-2E8C-4133-953C-AD6EC25F1272}.Debug|x86.ActiveCfg = Debug|Win32
		{E4DE30E9-2E8C-4133-953C-AD6EC25F1272}.Debug|x86.Build.0 = Debug|Win32
		{E4DE30E9-2E8C-4133-953C-AD6EC25F1272}.Release|Any CPU.ActiveCfg = Release|Win32
		{E4DE30E9-2E8C-4133-953C-AD6EC25F1272}.Release|x64.ActiveCfg = Release|x64
		{E4DE30E9-2E8C-4133-953C-AD6EC25F1272}.Release|x64.Build.0 = Release|x64
		{E4DE30E9-2E8C-4133-953C-AD6EC25F1272}.Release|x86.ActiveCfg = Release|Win32
		{E4DE30E9-2E8C-4133-953C-AD6EC25F1272}.Release|x86.Build.0 = Release|Win32
		{8A6D3152-BA4D-4C49-AA67-BEA158AE921C}.Debug|Any CPU.ActiveCfg = Debug|Win32
		{8A6D3152-BA4D-4C49-AA67-BEA158AE921C}.Debug|x64.ActiveCfg = Debug|x64
		{8A6D3152-BA4D-4C49-AA67-BEA158AE921C}.Debug|x64.Build.0 = Debug|x64
		{8A6D3152-BA4D-4C49-AA67-BEA158AE921C}.Debug|x86.ActiveCfg = Debug|Win32
		{8A6D3152-BA4D-4C49-AA67-BEA158AE921C}.Debug|x86.Build.0 = Debug|Win32
		{8A6D3152-BA4D-4C49-AA67-BEA158AE921C}.Release|Any CPU.ActiveCfg = Release|Win32
		{8A6D3152-BA4D-4C49-AA67-BEA158AE921C}.Release|x64.ActiveCfg = Release|x64
		{8A6D3152-BA4D-4C49-AA67-BEA158AE921C}.Release|x64.Build.0 = Release|x64
		{8A6D3152-BA4D-4C49-AA67-BEA158AE921C}.Release|x86.ActiveCfg = Release|Win32
		{8A6D3152-BA4D-4C49-AA67-BEA158AE921C}.Release|x86.Build.0 = Release|Win32
		{EBA3B9FE-7C77-48DD-BA94-C2564F060794}.Debug|Any CPU.ActiveCfg = Debug|Win32
		{EBA3B9FE-7C77-48DD-BA94-C2564F060794}.Debug|x64.ActiveCfg = Debug|x64
		{EBA3B9FE-7C77-48DD-BA94-C2564F060794}.Debug|x64.Build.0 = Debug|x64
		{EBA3B9FE-7C77-48DD-BA94-C2564F060794}.Debug|x86.ActiveCfg = Debug|Win32
		{EBA3B9FE-7C77-48DD-BA94-C2564F060794}.Debug|x86.Build.0 = Debug|Win32
		{EBA3B9FE-7C77-48DD-BA94-C2564F060794}.Release|Any CPU.ActiveCfg = Release|Win32
		{EBA3B9FE-7C77-48DD-BA94-C2564F060794}.Release|x64.ActiveCfg = Release|x64
		{EBA3B9FE-7C77-48DD-BA94-C2564F060794}.Release|x64.Build.0 = Release|x64
		{EBA3B9FE-7C77-48DD-BA94-C2564F060794}.Release|x86.ActiveCfg = Release|Win32
		{EBA3B9FE-7C77-48DD-BA94-C2564F060794}.Release|x86.Build.0 = Release|Win32
		{C024445B-774A-43AE-B726-ED7475406EFF}.Debug|Any CPU.ActiveCfg = Debug|Any CPU
		{C024445B-774A-43AE-B726-ED7475406EFF}.Debug|Any CPU.Build.0 = Debug|Any CPU
		{C024445B-774A-43AE-B726-ED7475406EFF}.Debug|x64.ActiveCfg = Debug|Any CPU
		{C024445B-774A-43AE-B726-ED7475406EFF}.Debug|x64.Build.0 = Debug|Any CPU
		{C024445B-774A-43AE-B726-ED7475406EFF}.Debug|x86.ActiveCfg = Debug|Any CPU
		{C024445B-774A-43AE-B726-ED7475406EFF}.Debug|x86.Build.0 = Debug|Any CPU
		{C024445B-774A-43AE-B726-ED7475406EFF}.Release|Any CPU.ActiveCfg = Release|Any CPU
		{C024445B-774A-43AE-B726-ED7475406EFF}.Release|Any CPU.Build.0 = Release|Any CPU
		{C024445B-774A-43AE-B726-ED7475406EFF}.Release|x64.ActiveCfg = Release|Any CPU
		{C024445B-774A-43AE-B726-ED7475406EFF}.Release|x64.Build.0 = Release|Any CPU
		{C024445B-774A-43AE-B726-ED7475406EFF}.Release|x86.ActiveCfg = Release|Any CPU
		{C024445B-774A-43AE-B726-ED7475406EFF}.Release|x86.Build.0 = Release|Any CPU
		{0B110060-4727-4C93-B2CC-64BF730FFB92}.Debug|Any CPU.ActiveCfg = Debug|Win32
		{0B110060-4727-4C93-B2CC-64BF730FFB92}.Debug|x64.ActiveCfg = Debug|x64
		{0B110060-4727-4C93-B2CC-64BF730FFB92}.Debug|x64.Build.0 = Debug|x64
		{0B110060-4727-4C93-B2CC-64BF730FFB92}.Debug|x86.ActiveCfg = Debug|Win32
		{0B110060-4727-4C93-B2CC-64BF730FFB92}.Debug|x86.Build.0 = Debug|Win32
		{0B110060-4727-4C93-B2CC-64BF730FFB92}.Release|Any CPU.ActiveCfg = Release|Win32
		{0B110060-4727-4C93-B2CC-64BF730FFB92}.Release|x64.ActiveCfg = Release|x64
		{0B110060-4727-4C93-B2CC-64BF730FFB92}.Release|x64.Build.0 = Release|x64
		{0B110060-4727-4C93-B2CC-64BF730FFB92}.Release|x86.ActiveCfg = Release|Win32
		{0B110060-4727-4C93-B2CC-64BF730FFB92}.Release|x86.Build.0 = Release|Win32
		{12610208-F0DA-4D54-A469-04D127036AD6}.Debug|Any CPU.ActiveCfg = Debug|Win32
		{12610208-F0DA-4D54-A469-04D127036AD6}.Debug|x64.ActiveCfg = Debug|x64
		{12610208-F0DA-4D54-A469-04D127036AD6}.Debug|x64.Build.0 = Debug|x64
		{12610208-F0DA-4D54-A469-04D127036AD6}.Debug|x86.ActiveCfg = Debug|Win32
		{12610208-F0DA-4D54-A469-04D127036AD6}.Debug|x86.Build.0 = Debug|Win32
		{12610208-F0DA-4D54-A469-04D127036AD6}.Release|Any CPU.ActiveCfg = Release|Win32
		{12610208-F0DA-4D54-A469-04D127036AD6}.Release|x64.ActiveCfg = Release|x64
		{12610208-F0DA-4D54-A469-04D127036AD6}.Release|x64.Build.0 = Release|x64
		{12610208-F0DA-4D54-A469-04D127036AD6}.Release|x86.ActiveCfg = Release|Win32
		{12610208-F0DA-4D54-A469-04D127036AD6}.Release|x86.Build.0 = Release|Win32
		{7858CDB5-57F2-471A-B503-AFA03722CE8B}.Debug|Any CPU.ActiveCfg = Debug|Win32
		{7858CDB5-57F2-471A-B503-AFA03722CE8B}.Debug|x64.ActiveCfg = Debug|x64
		{7858CDB5-57F2-471A-B503-AFA03722CE8B}.Debug|x64.Build.0 = Debug|x64
		{7858CDB5-57F2-471A-B503-AFA03722CE8B}.Debug|x86.ActiveCfg = Debug|Win32
		{7858CDB5-57F2-471A-B503-AFA03722CE8B}.Debug|x86.Build.0 = Debug|Win32
		{7858CDB5-57F2-471A-B503-AFA03722CE8B}.Release|Any CPU.ActiveCfg = Release|Win32
		{7858CDB5-57F2-471A-B503-AFA03722CE8B}.Release|x64.ActiveCfg = Release|x64
		{7858CDB5-57F2-471A-B503-AFA03722CE8B}.Release|x64.Build.0 = Release|x64
		{7858CDB5-57F2-471A-B503-AFA03722CE8B}.Release|x86.ActiveCfg = Release|Win32
		{7858CDB5-57F2-471A-B503-AFA03722CE8B}.Release|x86.Build.0 = Release|Win32
		{C7AD6B38-79BE-4FAA-9344-2F4D7A0BD407}.Debug|Any CPU.ActiveCfg = Debug|Any CPU
		{C7AD6B38-79BE-4FAA-9344-2F4D7A0BD407}.Debug|Any CPU.Build.0 = Debug|Any CPU
		{C7AD6B38-79BE-4FAA-9344-2F4D7A0BD407}.Debug|x64.ActiveCfg = Debug|Any CPU
		{C7AD6B38-79BE-4FAA-9344-2F4D7A0BD407}.Debug|x64.Build.0 = Debug|Any CPU
		{C7AD6B38-79BE-4FAA-9344-2F4D7A0BD407}.Debug|x86.ActiveCfg = Debug|Any CPU
		{C7AD6B38-79BE-4FAA-9344-2F4D7A0BD407}.Debug|x86.Build.0 = Debug|Any CPU
		{C7AD6B38-79BE-4FAA-9344-2F4D7A0BD407}.Release|Any CPU.ActiveCfg = Release|Any CPU
		{C7AD6B38-79BE-4FAA-9344-2F4D7A0BD407}.Release|Any CPU.Build.0 = Release|Any CPU
		{C7AD6B38-79BE-4FAA-9344-2F4D7A0BD407}.Release|x64.ActiveCfg = Release|Any CPU
		{C7AD6B38-79BE-4FAA-9344-2F4D7A0BD407}.Release|x64.Build.0 = Release|Any CPU
		{C7AD6B38-79BE-4FAA-9344-2F4D7A0BD407}.Release|x86.ActiveCfg = Release|Any CPU
		{C7AD6B38-79BE-4FAA-9344-2F4D7A0BD407}.Release|x86.Build.0 = Release|Any CPU
		{E8E2FF3F-D0A5-41FE-95AC-2E228C94601B}.Debug|Any CPU.ActiveCfg = Debug|Win32
		{E8E2FF3F-D0A5-41FE-95AC-2E228C94601B}.Debug|x64.ActiveCfg = Debug|x64
		{E8E2FF3F-D0A5-41FE-95AC-2E228C94601B}.Debug|x64.Build.0 = Debug|x64
		{E8E2FF3F-D0A5-41FE-95AC-2E228C94601B}.Debug|x86.ActiveCfg = Debug|Win32
		{E8E2FF3F-D0A5-41FE-95AC-2E228C94601B}.Debug|x86.Build.0 = Debug|Win32
		{E8E2FF3F-D0A5-41FE-95AC-2E228C94601B}.Release|Any CPU.ActiveCfg = Release|Win32
		{E8E2FF3F-D0A5-41FE-95AC-2E228C94601B}.Release|x64.ActiveCfg = Release|x64
		{E8E2FF3F-D0A5-41FE-95AC-2E228C94601B}.Release|x64.Build.0 = Release|x64
		{E8E2FF3F-D0A5-41FE-95AC-2E228C94601B}.Release|x86.ActiveCfg = Release|Win32
		{E8E2FF3F-D0A5-41FE-95AC-2E228C94601B}.Release|x86.Build.0 = Release|Win32
		{C0DFF160-18CA-4548-B288-4503DDF26577}.Debug|Any CPU.ActiveCfg = Debug|Any CPU
		{C0DFF160-18CA-4548-B288-4503DDF26577}.Debug|x64.ActiveCfg = Debug|Any CPU
		{C0DFF160-18CA-4548-B288-4503DDF26577}.Debug|x86.ActiveCfg = Debug|Any CPU
		{C0DFF160-18CA-4548-B288-4503DDF26577}.Release|Any CPU.ActiveCfg = Release|Any CPU
		{C0DFF160-18CA-4548-B288-4503DDF26577}.Release|x64.ActiveCfg = Release|Any CPU
		{C0DFF160-18CA-4548-B288-4503DDF26577}.Release|x86.ActiveCfg = Release|Any CPU
		{BFC37384-01C9-47E3-97C6-AED2A052DADA}.Debug|Any CPU.ActiveCfg = Debug|Win32
		{BFC37384-01C9-47E3-97C6-AED2A052DADA}.Debug|x64.ActiveCfg = Debug|x64
		{BFC37384-01C9-47E3-97C6-AED2A052DADA}.Debug|x64.Build.0 = Debug|x64
		{BFC37384-01C9-47E3-97C6-AED2A052DADA}.Debug|x86.ActiveCfg = Debug|Win32
		{BFC37384-01C9-47E3-97C6-AED2A052DADA}.Debug|x86.Build.0 = Debug|Win32
		{BFC37384-01C9-47E3-97C6-AED2A052DADA}.Release|Any CPU.ActiveCfg = Release|Win32
		{BFC37384-01C9-47E3-97C6-AED2A052DADA}.Release|x64.ActiveCfg = Release|x64
		{BFC37384-01C9-47E3-97C6-AED2A052DADA}.Release|x64.Build.0 = Release|x64
		{BFC37384-01C9-47E3-97C6-AED2A052DADA}.Release|x86.ActiveCfg = Release|Win32
		{BFC37384-01C9-47E3-97C6-AED2A052DADA}.Release|x86.Build.0 = Release|Win32
		{FF2C8C81-083C-459F-9443-1024483A5433}.Debug|Any CPU.ActiveCfg = Debug|Any CPU
		{FF2C8C81-083C-459F-9443-1024483A5433}.Debug|Any CPU.Build.0 = Debug|Any CPU
		{FF2C8C81-083C-459F-9443-1024483A5433}.Debug|x64.ActiveCfg = Debug|Any CPU
		{FF2C8C81-083C-459F-9443-1024483A5433}.Debug|x64.Build.0 = Debug|Any CPU
		{FF2C8C81-083C-459F-9443-1024483A5433}.Debug|x86.ActiveCfg = Debug|Any CPU
		{FF2C8C81-083C-459F-9443-1024483A5433}.Debug|x86.Build.0 = Debug|Any CPU
		{FF2C8C81-083C-459F-9443-1024483A5433}.Release|Any CPU.ActiveCfg = Release|Any CPU
		{FF2C8C81-083C-459F-9443-1024483A5433}.Release|Any CPU.Build.0 = Release|Any CPU
		{FF2C8C81-083C-459F-9443-1024483A5433}.Release|x64.ActiveCfg = Release|Any CPU
		{FF2C8C81-083C-459F-9443-1024483A5433}.Release|x64.Build.0 = Release|Any CPU
		{FF2C8C81-083C-459F-9443-1024483A5433}.Release|x86.ActiveCfg = Release|Any CPU
		{FF2C8C81-083C-459F-9443-1024483A5433}.Release|x86.Build.0 = Release|Any CPU
		{186BCAF5-561C-438E-8E73-268A51BB7314}.Debug|Any CPU.ActiveCfg = Debug|Win32
		{186BCAF5-561C-438E-8E73-268A51BB7314}.Debug|x64.ActiveCfg = Debug|x64
		{186BCAF5-561C-438E-8E73-268A51BB7314}.Debug|x64.Build.0 = Debug|x64
		{186BCAF5-561C-438E-8E73-268A51BB7314}.Debug|x86.ActiveCfg = Debug|Win32
		{186BCAF5-561C-438E-8E73-268A51BB7314}.Debug|x86.Build.0 = Debug|Win32
		{186BCAF5-561C-438E-8E73-268A51BB7314}.Release|Any CPU.ActiveCfg = Release|Win32
		{186BCAF5-561C-438E-8E73-268A51BB7314}.Release|x64.ActiveCfg = Release|x64
		{186BCAF5-561C-438E-8E73-268A51BB7314}.Release|x64.Build.0 = Release|x64
		{186BCAF5-561C-438E-8E73-268A51BB7314}.Release|x86.ActiveCfg = Release|Win32
		{186BCAF5-561C-438E-8E73-268A51BB7314}.Release|x86.Build.0 = Release|Win32
		{880AD426-76C4-40D2-A423-7A80D4F2EE73}.Debug|Any CPU.ActiveCfg = Debug|Win32
		{880AD426-76C4-40D2-A423-7A80D4F2EE73}.Debug|x64.ActiveCfg = Debug|x64
		{880AD426-76C4-40D2-A423-7A80D4F2EE73}.Debug|x64.Build.0 = Debug|x64
		{880AD426-76C4-40D2-A423-7A80D4F2EE73}.Debug|x86.ActiveCfg = Debug|Win32
		{880AD426-76C4-40D2-A423-7A80D4F2EE73}.Debug|x86.Build.0 = Debug|Win32
		{880AD426-76C4-40D2-A423-7A80D4F2EE73}.Release|Any CPU.ActiveCfg = Release|Win32
		{880AD426-76C4-40D2-A423-7A80D4F2EE73}.Release|x64.ActiveCfg = Release|x64
		{880AD426-76C4-40D2-A423-7A80D4F2EE73}.Release|x64.Build.0 = Release|x64
		{880AD426-76C4-40D2-A423-7A80D4F2EE73}.Release|x86.ActiveCfg = Release|Win32
		{880AD426-76C4-40D2-A423-7A80D4F2EE73}.Release|x86.Build.0 = Release|Win32
		{169FD90B-494B-4D89-A787-8993BB1179FF}.Debug|Any CPU.ActiveCfg = Debug|Win32
		{169FD90B-494B-4D89-A787-8993BB1179FF}.Debug|x64.ActiveCfg = Debug|x64
		{169FD90B-494B-4D89-A787-8993BB1179FF}.Debug|x64.Build.0 = Debug|x64
		{169FD90B-494B-4D89-A787-8993BB1179FF}.Debug|x86.ActiveCfg = Debug|Win32
		{169FD90B-494B-4D89-A787-8993BB1179FF}.Debug|x86.Build.0 = Debug|Win32
		{169FD90B-494B-4D89-A787-8993BB1179FF}.Release|Any CPU.ActiveCfg = Release|Win32
		{169FD90B-494B-4D89-A787-8993BB1179FF}.Release|x64.ActiveCfg = Release|x64
		{169FD90B-494B-4D89-A787-8993BB1179FF}.Release|x64.Build.0 = Release|x64
		{169FD90B-494B-4D89-A787-8993BB1179FF}.Release|x86.ActiveCfg = Release|Win32
		{169FD90B-494B-4D89-A787-8993BB1179FF}.Release|x86.Build.0 = Release|Win32
		{CC3111B8-946E-4AB4-90ED-D0F663710D17}.Debug|Any CPU.ActiveCfg = Debug|Win32
		{CC3111B8-946E-4AB4-90ED-D0F663710D17}.Debug|x64.ActiveCfg = Debug|x64
		{CC3111B8-946E-4AB4-90ED-D0F663710D17}.Debug|x64.Build.0 = Debug|x64
		{CC3111B8-946E-4AB4-90ED-D0F663710D17}.Debug|x86.ActiveCfg = Debug|Win32
		{CC3111B8-946E-4AB4-90ED-D0F663710D17}.Debug|x86.Build.0 = Debug|Win32
		{CC3111B8-946E-4AB4-90ED-D0F663710D17}.Release|Any CPU.ActiveCfg = Release|Win32
		{CC3111B8-946E-4AB4-90ED-D0F663710D17}.Release|x64.ActiveCfg = Release|x64
		{CC3111B8-946E-4AB4-90ED-D0F663710D17}.Release|x64.Build.0 = Release|x64
		{CC3111B8-946E-4AB4-90ED-D0F663710D17}.Release|x86.ActiveCfg = Release|Win32
		{CC3111B8-946E-4AB4-90ED-D0F663710D17}.Release|x86.Build.0 = Release|Win32
		{9893FB45-6614-44A7-8747-B33ED510CE92}.Debug|Any CPU.ActiveCfg = Debug|Win32
		{9893FB45-6614-44A7-8747-B33ED510CE92}.Debug|x64.ActiveCfg = Debug|x64
		{9893FB45-6614-44A7-8747-B33ED510CE92}.Debug|x64.Build.0 = Debug|x64
		{9893FB45-6614-44A7-8747-B33ED510CE92}.Debug|x86.ActiveCfg = Debug|Win32
		{9893FB45-6614-44A7-8747-B33ED510CE92}.Debug|x86.Build.0 = Debug|Win32
		{9893FB45-6614-44A7-8747-B33ED510CE92}.Release|Any CPU.ActiveCfg = Release|Win32
		{9893FB45-6614-44A7-8747-B33ED510CE92}.Release|x64.ActiveCfg = Release|x64
		{9893FB45-6614-44A7-8747-B33ED510CE92}.Release|x64.Build.0 = Release|x64
		{9893FB45-6614-44A7-8747-B33ED510CE92}.Release|x86.ActiveCfg = Release|Win32
		{9893FB45-6614-44A7-8747-B33ED510CE92}.Release|x86.Build.0 = Release|Win32
		{127B0BA0-79C7-4BF2-AD00-1DC6891ED0B3}.Debug|Any CPU.ActiveCfg = Debug|Win32
		{127B0BA0-79C7-4BF2-AD00-1DC6891ED0B3}.Debug|x64.ActiveCfg = Debug|x64
		{127B0BA0-79C7-4BF2-AD00-1DC6891ED0B3}.Debug|x64.Build.0 = Debug|x64
		{127B0BA0-79C7-4BF2-AD00-1DC6891ED0B3}.Debug|x86.ActiveCfg = Debug|Win32
		{127B0BA0-79C7-4BF2-AD00-1DC6891ED0B3}.Debug|x86.Build.0 = Debug|Win32
		{127B0BA0-79C7-4BF2-AD00-1DC6891ED0B3}.Release|Any CPU.ActiveCfg = Release|Win32
		{127B0BA0-79C7-4BF2-AD00-1DC6891ED0B3}.Release|x64.ActiveCfg = Release|x64
		{127B0BA0-79C7-4BF2-AD00-1DC6891ED0B3}.Release|x64.Build.0 = Release|x64
		{127B0BA0-79C7-4BF2-AD00-1DC6891ED0B3}.Release|x86.ActiveCfg = Release|Win32
		{127B0BA0-79C7-4BF2-AD00-1DC6891ED0B3}.Release|x86.Build.0 = Release|Win32
		{AC2606FE-9732-4EA9-B279-35A66C276898}.Debug|Any CPU.ActiveCfg = Debug|Win32
		{AC2606FE-9732-4EA9-B279-35A66C276898}.Debug|x64.ActiveCfg = Debug|x64
		{AC2606FE-9732-4EA9-B279-35A66C276898}.Debug|x64.Build.0 = Debug|x64
		{AC2606FE-9732-4EA9-B279-35A66C276898}.Debug|x86.ActiveCfg = Debug|Win32
		{AC2606FE-9732-4EA9-B279-35A66C276898}.Debug|x86.Build.0 = Debug|Win32
		{AC2606FE-9732-4EA9-B279-35A66C276898}.Release|Any CPU.ActiveCfg = Release|Win32
		{AC2606FE-9732-4EA9-B279-35A66C276898}.Release|x64.ActiveCfg = Release|x64
		{AC2606FE-9732-4EA9-B279-35A66C276898}.Release|x64.Build.0 = Release|x64
		{AC2606FE-9732-4EA9-B279-35A66C276898}.Release|x86.ActiveCfg = Release|Win32
		{AC2606FE-9732-4EA9-B279-35A66C276898}.Release|x86.Build.0 = Release|Win32
		{CC441BF4-7D5A-41AB-A714-0A82FBF92076}.Debug|Any CPU.ActiveCfg = Debug|Win32
		{CC441BF4-7D5A-41AB-A714-0A82FBF92076}.Debug|x64.ActiveCfg = Debug|x64
		{CC441BF4-7D5A-41AB-A714-0A82FBF92076}.Debug|x64.Build.0 = Debug|x64
		{CC441BF4-7D5A-41AB-A714-0A82FBF92076}.Debug|x86.ActiveCfg = Debug|Win32
		{CC441BF4-7D5A-41AB-A714-0A82FBF92076}.Debug|x86.Build.0 = Debug|Win32
		{CC441BF4-7D5A-41AB-A714-0A82FBF92076}.Release|Any CPU.ActiveCfg = Release|Win32
		{CC441BF4-7D5A-41AB-A714-0A82FBF92076}.Release|x64.ActiveCfg = Release|x64
		{CC441BF4-7D5A-41AB-A714-0A82FBF92076}.Release|x64.Build.0 = Release|x64
		{CC441BF4-7D5A-41AB-A714-0A82FBF92076}.Release|x86.ActiveCfg = Release|Win32
		{CC441BF4-7D5A-41AB-A714-0A82FBF92076}.Release|x86.Build.0 = Release|Win32
		{47000FA2-1F99-4261-B473-F94734938E07}.Debug|Any CPU.ActiveCfg = Debug|Win32
		{47000FA2-1F99-4261-B473-F94734938E07}.Debug|x64.ActiveCfg = Debug|x64
		{47000FA2-1F99-4261-B473-F94734938E07}.Debug|x64.Build.0 = Debug|x64
		{47000FA2-1F99-4261-B473-F94734938E07}.Debug|x86.ActiveCfg = Debug|Win32
		{47000FA2-1F99-4261-B473-F94734938E07}.Debug|x86.Build.0 = Debug|Win32
		{47000FA2-1F99-4261-B473-F94734938E07}.Release|Any CPU.ActiveCfg = Release|Win32
		{47000FA2-1F99-4261-B473-F94734938E07}.Release|x64.ActiveCfg = Release|x64
		{47000FA2-1F99-4261-B473-F94734938E07}.Release|x64.Build.0 = Release|x64
		{47000FA2-1F99-4261-B473-F94734938E07}.Release|x86.ActiveCfg = Release|Win32
		{47000FA2-1F99-4261-B473-F94734938E07}.Release|x86.Build.0 = Release|Win32
		{90B80B3E-CDA3-4C04-9B60-02BD3B919145}.Debug|Any CPU.ActiveCfg = Debug|Win32
		{90B80B3E-CDA3-4C04-9B60-02BD3B919145}.Debug|x64.ActiveCfg = Debug|x64
		{90B80B3E-CDA3-4C04-9B60-02BD3B919145}.Debug|x64.Build.0 = Debug|x64
		{90B80B3E-CDA3-4C04-9B60-02BD3B919145}.Debug|x86.ActiveCfg = Debug|Win32
		{90B80B3E-CDA3-4C04-9B60-02BD3B919145}.Debug|x86.Build.0 = Debug|Win32
		{90B80B3E-CDA3-4C04-9B60-02BD3B919145}.Release|Any CPU.ActiveCfg = Release|Win32
		{90B80B3E-CDA3-4C04-9B60-02BD3B919145}.Release|x64.ActiveCfg = Release|x64
		{90B80B3E-CDA3-4C04-9B60-02BD3B919145}.Release|x64.Build.0 = Release|x64
		{90B80B3E-CDA3-4C04-9B60-02BD3B919145}.Release|x86.ActiveCfg = Release|Win32
		{90B80B3E-CDA3-4C04-9B60-02BD3B919145}.Release|x86.Build.0 = Release|Win32
		{AB89E92F-4CF4-4693-96C3-1698F145E46A}.Debug|Any CPU.ActiveCfg = Debug|Win32
		{AB89E92F-4CF4-4693-96C3-1698F145E46A}.Debug|x64.ActiveCfg = Debug|x64
		{AB89E92F-4CF4-4693-96C3-1698F145E46A}.Debug|x64.Build.0 = Debug|x64
		{AB89E92F-4CF4-4693-96C3-1698F145E46A}.Debug|x86.ActiveCfg = Debug|Win32
		{AB89E92F-4CF4-4693-96C3-1698F145E46A}.Debug|x86.Build.0 = Debug|Win32
		{AB89E92F-4CF4-4693-96C3-1698F145E46A}.Release|Any CPU.ActiveCfg = Release|Win32
		{AB89E92F-4CF4-4693-96C3-1698F145E46A}.Release|x64.ActiveCfg = Release|x64
		{AB89E92F-4CF4-4693-96C3-1698F145E46A}.Release|x64.Build.0 = Release|x64
		{AB89E92F-4CF4-4693-96C3-1698F145E46A}.Release|x86.ActiveCfg = Release|Win32
		{AB89E92F-4CF4-4693-96C3-1698F145E46A}.Release|x86.Build.0 = Release|Win32
		{572BCE70-1D7B-45BB-AE65-67A3101D259D}.Debug|Any CPU.ActiveCfg = Debug|Win32
		{572BCE70-1D7B-45BB-AE65-67A3101D259D}.Debug|x64.ActiveCfg = Debug|x64
		{572BCE70-1D7B-45BB-AE65-67A3101D259D}.Debug|x64.Build.0 = Debug|x64
		{572BCE70-1D7B-45BB-AE65-67A3101D259D}.Debug|x86.ActiveCfg = Debug|Win32
		{572BCE70-1D7B-45BB-AE65-67A3101D259D}.Debug|x86.Build.0 = Debug|Win32
		{572BCE70-1D7B-45BB-AE65-67A3101D259D}.Release|Any CPU.ActiveCfg = Release|Win32
		{572BCE70-1D7B-45BB-AE65-67A3101D259D}.Release|x64.ActiveCfg = Release|x64
		{572BCE70-1D7B-45BB-AE65-67A3101D259D}.Release|x64.Build.0 = Release|x64
		{572BCE70-1D7B-45BB-AE65-67A3101D259D}.Release|x86.ActiveCfg = Release|Win32
		{572BCE70-1D7B-45BB-AE65-67A3101D259D}.Release|x86.Build.0 = Release|Win32
	EndGlobalSection
	GlobalSection(SolutionProperties) = preSolution
		HideSolutionNode = FALSE
	EndGlobalSection
	GlobalSection(NestedProjects) = preSolution
		{F9581DE1-D947-4C59-9E6A-E4E6893C57A6} = {52EA962B-B39E-4867-87A7-12986DA0FC56}
		{D3112E5F-224C-4EF6-939F-2966050D3441} = {7711FD3F-8D5F-47A9-B8A1-F9F0B5C1C794}
		{86B86C60-6A48-4126-B0B6-E8734CA94544} = {3242CB9B-7D57-4DAE-A803-CAEEA3D93AE2}
		{96C8F6FE-1568-42F8-A3FD-1B376B0C48B6} = {558AF125-9A8D-4FA4-8F65-0ADBA072DC5C}
		{5E4DF6A1-0A6D-4700-BD14-0613ECD603F3} = {D3112E5F-224C-4EF6-939F-2966050D3441}
		{83A81C5F-B552-4E09-9D4A-128911CA33FA} = {7711FD3F-8D5F-47A9-B8A1-F9F0B5C1C794}
		{476409FF-1761-4CE8-A004-1B13F1FE375E} = {83A81C5F-B552-4E09-9D4A-128911CA33FA}
		{E4DE30E9-2E8C-4133-953C-AD6EC25F1272} = {65181272-D169-4DF0-A640-2D5EA94CC306}
		{8A6D3152-BA4D-4C49-AA67-BEA158AE921C} = {558AF125-9A8D-4FA4-8F65-0ADBA072DC5C}
		{EBA3B9FE-7C77-48DD-BA94-C2564F060794} = {B351FF65-7B44-44F3-88E4-05CD520883B4}
		{B351FF65-7B44-44F3-88E4-05CD520883B4} = {7711FD3F-8D5F-47A9-B8A1-F9F0B5C1C794}
		{C024445B-774A-43AE-B726-ED7475406EFF} = {14F32815-503F-4EFD-9525-E36C7A54B1B9}
		{0B110060-4727-4C93-B2CC-64BF730FFB92} = {ABE450C5-8428-420E-A4D0-233B8B11527A}
		{CAE48B5E-5752-403C-B263-0070C6FC68CB} = {A4F165F9-A304-46B6-B0AC-4DF24587950D}
		{EEB77E41-72BC-4799-92A7-D23DC1165498} = {B1456916-A842-4066-BFE1-2D455AA08483}
		{EE7AC6C2-A9C2-45A7-A757-8077F6D7AED2} = {B1456916-A842-4066-BFE1-2D455AA08483}
		{12610208-F0DA-4D54-A469-04D127036AD6} = {EE7AC6C2-A9C2-45A7-A757-8077F6D7AED2}
		{7858CDB5-57F2-471A-B503-AFA03722CE8B} = {EEB77E41-72BC-4799-92A7-D23DC1165498}
		{C7AD6B38-79BE-4FAA-9344-2F4D7A0BD407} = {7CDED26D-8585-43EC-BFC5-A3A513C80CF2}
		{E8E2FF3F-D0A5-41FE-95AC-2E228C94601B} = {CAE48B5E-5752-403C-B263-0070C6FC68CB}
		{C0DFF160-18CA-4548-B288-4503DDF26577} = {D2D8292C-5A37-42B6-9EE1-F122F22DCEB9}
		{BFC37384-01C9-47E3-97C6-AED2A052DADA} = {D2D8292C-5A37-42B6-9EE1-F122F22DCEB9}
		{FF2C8C81-083C-459F-9443-1024483A5433} = {D2D8292C-5A37-42B6-9EE1-F122F22DCEB9}
		{186BCAF5-561C-438E-8E73-268A51BB7314} = {A56D8985-9B8A-4E0E-AACD-AD29B6DFD6DF}
		{880AD426-76C4-40D2-A423-7A80D4F2EE73} = {A56D8985-9B8A-4E0E-AACD-AD29B6DFD6DF}
		{169FD90B-494B-4D89-A787-8993BB1179FF} = {A56D8985-9B8A-4E0E-AACD-AD29B6DFD6DF}
		{CC3111B8-946E-4AB4-90ED-D0F663710D17} = {A56D8985-9B8A-4E0E-AACD-AD29B6DFD6DF}
		{9893FB45-6614-44A7-8747-B33ED510CE92} = {7CDED26D-8585-43EC-BFC5-A3A513C80CF2}
		{71DC5A67-0193-447F-A0C4-9A278201D553} = {B1456916-A842-4066-BFE1-2D455AA08483}
		{127B0BA0-79C7-4BF2-AD00-1DC6891ED0B3} = {71DC5A67-0193-447F-A0C4-9A278201D553}
		{AC2606FE-9732-4EA9-B279-35A66C276898} = {EE7AC6C2-A9C2-45A7-A757-8077F6D7AED2}
		{CC441BF4-7D5A-41AB-A714-0A82FBF92076} = {EEB77E41-72BC-4799-92A7-D23DC1165498}
		{47000FA2-1F99-4261-B473-F94734938E07} = {28DD8953-0D59-4CA3-A5D0-C00BA2D9C92A}
		{90B80B3E-CDA3-4C04-9B60-02BD3B919145} = {28DD8953-0D59-4CA3-A5D0-C00BA2D9C92A}
		{AB89E92F-4CF4-4693-96C3-1698F145E46A} = {28DD8953-0D59-4CA3-A5D0-C00BA2D9C92A}
		{572BCE70-1D7B-45BB-AE65-67A3101D259D} = {D2D8292C-5A37-42B6-9EE1-F122F22DCEB9}
	EndGlobalSection
EndGlobal
