
Microsoft Visual Studio Solution File, Format Version 12.00
# Visual Studio 14
VisualStudioVersion = 14.0.25420.1
MinimumVisualStudioVersion = 10.0.40219.1
Project("{2150E333-8FDC-42A3-9474-1A3956D46DE8}") = "排序", "排序", "{52EA962B-B39E-4867-87A7-12986DA0FC56}"
EndProject
Project("{2150E333-8FDC-42A3-9474-1A3956D46DE8}") = "查找", "查找", "{3242CB9B-7D57-4DAE-A803-CAEEA3D93AE2}"
EndProject
Project("{2150E333-8FDC-42A3-9474-1A3956D46DE8}") = "递归", "递归", "{4CBBB0D4-AC87-4E0F-B1AF-F24F71B48A82}"
EndProject
Project("{2150E333-8FDC-42A3-9474-1A3956D46DE8}") = "高级算法", "高级算法", "{ABE450C5-8428-420E-A4D0-233B8B11527A}"
EndProject
Project("{2150E333-8FDC-42A3-9474-1A3956D46DE8}") = "Test", "Test", "{A56D8985-9B8A-4E0E-AACD-AD29B6DFD6DF}"
EndProject
Project("{8BC9CEB8-8B4A-11D0-8D11-00A0C91BC942}") = "Sort", "排序\排序.vcxproj", "{F9581DE1-D947-4C59-9E6A-E4E6893C57A6}"
EndProject
Project("{8BC9CEB8-8B4A-11D0-8D11-00A0C91BC942}") = "SortTest", "UnitTest1\UnitTest1.vcxproj", "{169FD90B-494B-4D89-A787-8993BB1179FF}"
EndProject
Project("{2150E333-8FDC-42A3-9474-1A3956D46DE8}") = "数据结构", "数据结构", "{7711FD3F-8D5F-47A9-B8A1-F9F0B5C1C794}"
EndProject
Project("{2150E333-8FDC-42A3-9474-1A3956D46DE8}") = "链表", "链表", "{D3112E5F-224C-4EF6-939F-2966050D3441}"
EndProject
Project("{8BC9CEB8-8B4A-11D0-8D11-00A0C91BC942}") = "Search", "Search\Search.vcxproj", "{86B86C60-6A48-4126-B0B6-E8734CA94544}"
EndProject
Project("{2150E333-8FDC-42A3-9474-1A3956D46DE8}") = "STL", "STL", "{558AF125-9A8D-4FA4-8F65-0ADBA072DC5C}"
EndProject
Project("{8BC9CEB8-8B4A-11D0-8D11-00A0C91BC942}") = "STL", "STL\STL.vcxproj", "{96C8F6FE-1568-42F8-A3FD-1B376B0C48B6}"
EndProject
Project("{8BC9CEB8-8B4A-11D0-8D11-00A0C91BC942}") = "STLTest", "STLTest\STLTest.vcxproj", "{CC3111B8-946E-4AB4-90ED-D0F663710D17}"
EndProject
Project("{8BC9CEB8-8B4A-11D0-8D11-00A0C91BC942}") = "SearchTest", "SearchTest\SearchTest.vcxproj", "{880AD426-76C4-40D2-A423-7A80D4F2EE73}"
EndProject
Project("{8BC9CEB8-8B4A-11D0-8D11-00A0C91BC942}") = "LinkList", "LinkList\LinkList.vcxproj", "{5E4DF6A1-0A6D-4700-BD14-0613ECD603F3}"
EndProject
Project("{2150E333-8FDC-42A3-9474-1A3956D46DE8}") = "LeetCode", "LeetCode", "{D2D8292C-5A37-42B6-9EE1-F122F22DCEB9}"
EndProject
Project("{FAE04EC0-301F-11D3-BF4B-00C04F79EFBC}") = "LeetCode", "LeetCode\LeetCode.csproj", "{FF2C8C81-083C-459F-9443-1024483A5433}"
EndProject
Project("{8BC9CEB8-8B4A-11D0-8D11-00A0C91BC942}") = "LeetCodeCpp", "LeetCodeCpp\LeetCodeCpp.vcxproj", "{BFC37384-01C9-47E3-97C6-AED2A052DADA}"
EndProject
Project("{2150E333-8FDC-42A3-9474-1A3956D46DE8}") = "树", "树", "{83A81C5F-B552-4E09-9D4A-128911CA33FA}"
EndProject
Project("{8BC9CEB8-8B4A-11D0-8D11-00A0C91BC942}") = "TreeCpp", "TreeCpp\TreeCpp.vcxproj", "{476409FF-1761-4CE8-A004-1B13F1FE375E}"
EndProject
Global
	GlobalSection(SolutionConfigurationPlatforms) = preSolution
		Debug|Any CPU = Debug|Any CPU
		Debug|x64 = Debug|x64
		Debug|x86 = Debug|x86
		Release|Any CPU = Release|Any CPU
		Release|x64 = Release|x64
		Release|x86 = Release|x86
	EndGlobalSection
	GlobalSection(ProjectConfigurationPlatforms) = postSolution
		{F9581DE1-D947-4C59-9E6A-E4E6893C57A6}.Debug|Any CPU.ActiveCfg = Debug|Win32
		{F9581DE1-D947-4C59-9E6A-E4E6893C57A6}.Debug|x64.ActiveCfg = Debug|x64
		{F9581DE1-D947-4C59-9E6A-E4E6893C57A6}.Debug|x64.Build.0 = Debug|x64
		{F9581DE1-D947-4C59-9E6A-E4E6893C57A6}.Debug|x86.ActiveCfg = Debug|Win32
		{F9581DE1-D947-4C59-9E6A-E4E6893C57A6}.Debug|x86.Build.0 = Debug|Win32
		{F9581DE1-D947-4C59-9E6A-E4E6893C57A6}.Release|Any CPU.ActiveCfg = Release|Win32
		{F9581DE1-D947-4C59-9E6A-E4E6893C57A6}.Release|x64.ActiveCfg = Release|x64
		{F9581DE1-D947-4C59-9E6A-E4E6893C57A6}.Release|x64.Build.0 = Release|x64
		{F9581DE1-D947-4C59-9E6A-E4E6893C57A6}.Release|x86.ActiveCfg = Release|Win32
		{F9581DE1-D947-4C59-9E6A-E4E6893C57A6}.Release|x86.Build.0 = Release|Win32
		{169FD90B-494B-4D89-A787-8993BB1179FF}.Debug|Any CPU.ActiveCfg = Debug|Win32
		{169FD90B-494B-4D89-A787-8993BB1179FF}.Debug|x64.ActiveCfg = Debug|x64
		{169FD90B-494B-4D89-A787-8993BB1179FF}.Debug|x64.Build.0 = Debug|x64
		{169FD90B-494B-4D89-A787-8993BB1179FF}.Debug|x86.ActiveCfg = Debug|Win32
		{169FD90B-494B-4D89-A787-8993BB1179FF}.Debug|x86.Build.0 = Debug|Win32
		{169FD90B-494B-4D89-A787-8993BB1179FF}.Release|Any CPU.ActiveCfg = Release|Win32
		{169FD90B-494B-4D89-A787-8993BB1179FF}.Release|x64.ActiveCfg = Release|x64
		{169FD90B-494B-4D89-A787-8993BB1179FF}.Release|x64.Build.0 = Release|x64
		{169FD90B-494B-4D89-A787-8993BB1179FF}.Release|x86.ActiveCfg = Release|Win32
		{169FD90B-494B-4D89-A787-8993BB1179FF}.Release|x86.Build.0 = Release|Win32
		{86B86C60-6A48-4126-B0B6-E8734CA94544}.Debug|Any CPU.ActiveCfg = Debug|Win32
		{86B86C60-6A48-4126-B0B6-E8734CA94544}.Debug|x64.ActiveCfg = Debug|x64
		{86B86C60-6A48-4126-B0B6-E8734CA94544}.Debug|x64.Build.0 = Debug|x64
		{86B86C60-6A48-4126-B0B6-E8734CA94544}.Debug|x86.ActiveCfg = Debug|Win32
		{86B86C60-6A48-4126-B0B6-E8734CA94544}.Debug|x86.Build.0 = Debug|Win32
		{86B86C60-6A48-4126-B0B6-E8734CA94544}.Release|Any CPU.ActiveCfg = Release|Win32
		{86B86C60-6A48-4126-B0B6-E8734CA94544}.Release|x64.ActiveCfg = Release|x64
		{86B86C60-6A48-4126-B0B6-E8734CA94544}.Release|x64.Build.0 = Release|x64
		{86B86C60-6A48-4126-B0B6-E8734CA94544}.Release|x86.ActiveCfg = Release|Win32
		{86B86C60-6A48-4126-B0B6-E8734CA94544}.Release|x86.Build.0 = Release|Win32
		{96C8F6FE-1568-42F8-A3FD-1B376B0C48B6}.Debug|Any CPU.ActiveCfg = Debug|Win32
		{96C8F6FE-1568-42F8-A3FD-1B376B0C48B6}.Debug|x64.ActiveCfg = Debug|x64
		{96C8F6FE-1568-42F8-A3FD-1B376B0C48B6}.Debug|x64.Build.0 = Debug|x64
		{96C8F6FE-1568-42F8-A3FD-1B376B0C48B6}.Debug|x86.ActiveCfg = Debug|Win32
		{96C8F6FE-1568-42F8-A3FD-1B376B0C48B6}.Debug|x86.Build.0 = Debug|Win32
		{96C8F6FE-1568-42F8-A3FD-1B376B0C48B6}.Release|Any CPU.ActiveCfg = Release|Win32
		{96C8F6FE-1568-42F8-A3FD-1B376B0C48B6}.Release|x64.ActiveCfg = Release|x64
		{96C8F6FE-1568-42F8-A3FD-1B376B0C48B6}.Release|x64.Build.0 = Release|x64
		{96C8F6FE-1568-42F8-A3FD-1B376B0C48B6}.Release|x86.ActiveCfg = Release|Win32
		{96C8F6FE-1568-42F8-A3FD-1B376B0C48B6}.Release|x86.Build.0 = Release|Win32
		{CC3111B8-946E-4AB4-90ED-D0F663710D17}.Debug|Any CPU.ActiveCfg = Debug|Win32
		{CC3111B8-946E-4AB4-90ED-D0F663710D17}.Debug|x64.ActiveCfg = Debug|x64
		{CC3111B8-946E-4AB4-90ED-D0F663710D17}.Debug|x64.Build.0 = Debug|x64
		{CC3111B8-946E-4AB4-90ED-D0F663710D17}.Debug|x86.ActiveCfg = Debug|Win32
		{CC3111B8-946E-4AB4-90ED-D0F663710D17}.Debug|x86.Build.0 = Debug|Win32
		{CC3111B8-946E-4AB4-90ED-D0F663710D17}.Release|Any CPU.ActiveCfg = Release|Win32
		{CC3111B8-946E-4AB4-90ED-D0F663710D17}.Release|x64.ActiveCfg = Release|x64
		{CC3111B8-946E-4AB4-90ED-D0F663710D17}.Release|x64.Build.0 = Release|x64
		{CC3111B8-946E-4AB4-90ED-D0F663710D17}.Release|x86.ActiveCfg = Release|Win32
		{CC3111B8-946E-4AB4-90ED-D0F663710D17}.Release|x86.Build.0 = Release|Win32
		{880AD426-76C4-40D2-A423-7A80D4F2EE73}.Debug|Any CPU.ActiveCfg = Debug|Win32
		{880AD426-76C4-40D2-A423-7A80D4F2EE73}.Debug|x64.ActiveCfg = Debug|x64
		{880AD426-76C4-40D2-A423-7A80D4F2EE73}.Debug|x64.Build.0 = Debug|x64
		{880AD426-76C4-40D2-A423-7A80D4F2EE73}.Debug|x86.ActiveCfg = Debug|Win32
		{880AD426-76C4-40D2-A423-7A80D4F2EE73}.Debug|x86.Build.0 = Debug|Win32
		{880AD426-76C4-40D2-A423-7A80D4F2EE73}.Release|Any CPU.ActiveCfg = Release|Win32
		{880AD426-76C4-40D2-A423-7A80D4F2EE73}.Release|x64.ActiveCfg = Release|x64
		{880AD426-76C4-40D2-A423-7A80D4F2EE73}.Release|x64.Build.0 = Release|x64
		{880AD426-76C4-40D2-A423-7A80D4F2EE73}.Release|x86.ActiveCfg = Release|Win32
		{880AD426-76C4-40D2-A423-7A80D4F2EE73}.Release|x86.Build.0 = Release|Win32
		{5E4DF6A1-0A6D-4700-BD14-0613ECD603F3}.Debug|Any CPU.ActiveCfg = Debug|Win32
		{5E4DF6A1-0A6D-4700-BD14-0613ECD603F3}.Debug|x64.ActiveCfg = Debug|x64
		{5E4DF6A1-0A6D-4700-BD14-0613ECD603F3}.Debug|x64.Build.0 = Debug|x64
		{5E4DF6A1-0A6D-4700-BD14-0613ECD603F3}.Debug|x86.ActiveCfg = Debug|Win32
		{5E4DF6A1-0A6D-4700-BD14-0613ECD603F3}.Debug|x86.Build.0 = Debug|Win32
		{5E4DF6A1-0A6D-4700-BD14-0613ECD603F3}.Release|Any CPU.ActiveCfg = Release|Win32
		{5E4DF6A1-0A6D-4700-BD14-0613ECD603F3}.Release|x64.ActiveCfg = Release|x64
		{5E4DF6A1-0A6D-4700-BD14-0613ECD603F3}.Release|x64.Build.0 = Release|x64
		{5E4DF6A1-0A6D-4700-BD14-0613ECD603F3}.Release|x86.ActiveCfg = Release|Win32
		{5E4DF6A1-0A6D-4700-BD14-0613ECD603F3}.Release|x86.Build.0 = Release|Win32
		{FF2C8C81-083C-459F-9443-1024483A5433}.Debug|Any CPU.ActiveCfg = Debug|Any CPU
		{FF2C8C81-083C-459F-9443-1024483A5433}.Debug|Any CPU.Build.0 = Debug|Any CPU
		{FF2C8C81-083C-459F-9443-1024483A5433}.Debug|x64.ActiveCfg = Debug|Any CPU
		{FF2C8C81-083C-459F-9443-1024483A5433}.Debug|x64.Build.0 = Debug|Any CPU
		{FF2C8C81-083C-459F-9443-1024483A5433}.Debug|x86.ActiveCfg = Debug|Any CPU
		{FF2C8C81-083C-459F-9443-1024483A5433}.Debug|x86.Build.0 = Debug|Any CPU
		{FF2C8C81-083C-459F-9443-1024483A5433}.Release|Any CPU.ActiveCfg = Release|Any CPU
		{FF2C8C81-083C-459F-9443-1024483A5433}.Release|Any CPU.Build.0 = Release|Any CPU
		{FF2C8C81-083C-459F-9443-1024483A5433}.Release|x64.ActiveCfg = Release|Any CPU
		{FF2C8C81-083C-459F-9443-1024483A5433}.Release|x64.Build.0 = Release|Any CPU
		{FF2C8C81-083C-459F-9443-1024483A5433}.Release|x86.ActiveCfg = Release|Any CPU
		{FF2C8C81-083C-459F-9443-1024483A5433}.Release|x86.Build.0 = Release|Any CPU
		{BFC37384-01C9-47E3-97C6-AED2A052DADA}.Debug|Any CPU.ActiveCfg = Debug|Win32
		{BFC37384-01C9-47E3-97C6-AED2A052DADA}.Debug|x64.ActiveCfg = Debug|x64
		{BFC37384-01C9-47E3-97C6-AED2A052DADA}.Debug|x64.Build.0 = Debug|x64
		{BFC37384-01C9-47E3-97C6-AED2A052DADA}.Debug|x86.ActiveCfg = Debug|Win32
		{BFC37384-01C9-47E3-97C6-AED2A052DADA}.Debug|x86.Build.0 = Debug|Win32
		{BFC37384-01C9-47E3-97C6-AED2A052DADA}.Release|Any CPU.ActiveCfg = Release|Win32
		{BFC37384-01C9-47E3-97C6-AED2A052DADA}.Release|x64.ActiveCfg = Release|x64
		{BFC37384-01C9-47E3-97C6-AED2A052DADA}.Release|x64.Build.0 = Release|x64
		{BFC37384-01C9-47E3-97C6-AED2A052DADA}.Release|x86.ActiveCfg = Release|Win32
		{BFC37384-01C9-47E3-97C6-AED2A052DADA}.Release|x86.Build.0 = Release|Win32
		{476409FF-1761-4CE8-A004-1B13F1FE375E}.Debug|Any CPU.ActiveCfg = Debug|Win32
		{476409FF-1761-4CE8-A004-1B13F1FE375E}.Debug|x64.ActiveCfg = Debug|x64
		{476409FF-1761-4CE8-A004-1B13F1FE375E}.Debug|x64.Build.0 = Debug|x64
		{476409FF-1761-4CE8-A004-1B13F1FE375E}.Debug|x86.ActiveCfg = Debug|Win32
		{476409FF-1761-4CE8-A004-1B13F1FE375E}.Debug|x86.Build.0 = Debug|Win32
		{476409FF-1761-4CE8-A004-1B13F1FE375E}.Release|Any CPU.ActiveCfg = Release|Win32
		{476409FF-1761-4CE8-A004-1B13F1FE375E}.Release|x64.ActiveCfg = Release|x64
		{476409FF-1761-4CE8-A004-1B13F1FE375E}.Release|x64.Build.0 = Release|x64
		{476409FF-1761-4CE8-A004-1B13F1FE375E}.Release|x86.ActiveCfg = Release|Win32
		{476409FF-1761-4CE8-A004-1B13F1FE375E}.Release|x86.Build.0 = Release|Win32
	EndGlobalSection
	GlobalSection(SolutionProperties) = preSolution
		HideSolutionNode = FALSE
	EndGlobalSection
	GlobalSection(NestedProjects) = preSolution
		{F9581DE1-D947-4C59-9E6A-E4E6893C57A6} = {52EA962B-B39E-4867-87A7-12986DA0FC56}
		{169FD90B-494B-4D89-A787-8993BB1179FF} = {A56D8985-9B8A-4E0E-AACD-AD29B6DFD6DF}
		{D3112E5F-224C-4EF6-939F-2966050D3441} = {7711FD3F-8D5F-47A9-B8A1-F9F0B5C1C794}
		{86B86C60-6A48-4126-B0B6-E8734CA94544} = {3242CB9B-7D57-4DAE-A803-CAEEA3D93AE2}
		{96C8F6FE-1568-42F8-A3FD-1B376B0C48B6} = {558AF125-9A8D-4FA4-8F65-0ADBA072DC5C}
		{CC3111B8-946E-4AB4-90ED-D0F663710D17} = {A56D8985-9B8A-4E0E-AACD-AD29B6DFD6DF}
		{880AD426-76C4-40D2-A423-7A80D4F2EE73} = {A56D8985-9B8A-4E0E-AACD-AD29B6DFD6DF}
		{5E4DF6A1-0A6D-4700-BD14-0613ECD603F3} = {D3112E5F-224C-4EF6-939F-2966050D3441}
		{FF2C8C81-083C-459F-9443-1024483A5433} = {D2D8292C-5A37-42B6-9EE1-F122F22DCEB9}
		{BFC37384-01C9-47E3-97C6-AED2A052DADA} = {D2D8292C-5A37-42B6-9EE1-F122F22DCEB9}
		{83A81C5F-B552-4E09-9D4A-128911CA33FA} = {7711FD3F-8D5F-47A9-B8A1-F9F0B5C1C794}
		{476409FF-1761-4CE8-A004-1B13F1FE375E} = {83A81C5F-B552-4E09-9D4A-128911CA33FA}
	EndGlobalSection
EndGlobal
