<?xml version="1.0" encoding="utf-8"?>
<Project ToolsVersion="4.0" xmlns="http://schemas.microsoft.com/developer/msbuild/2003">
  <ItemGroup>
    <Filter Include="源文件">
      <UniqueIdentifier>{4FC737F1-C7A5-4376-A066-2A32D752A2FF}</UniqueIdentifier>
      <Extensions>cpp;c;cc;cxx;def;odl;idl;hpj;bat;asm;asmx</Extensions>
    </Filter>
    <Filter Include="头文件">
      <UniqueIdentifier>{93995380-89BD-4b04-88EB-625FBE52EBFB}</UniqueIdentifier>
      <Extensions>h;hh;hpp;hxx;hm;inl;inc;xsd</Extensions>
    </Filter>
    <Filter Include="资源文件">
      <UniqueIdentifier>{67DA6AB6-F800-4c08-8B7A-83BB121AAD01}</UniqueIdentifier>
      <Extensions>rc;ico;cur;bmp;dlg;rc2;rct;bin;rgs;gif;jpg;jpeg;jpe;resx;tiff;tif;png;wav;mfcribbon-ms</Extensions>
    </Filter>
    <Filter Include="源文件\算法">
      <UniqueIdentifier>{a9af96bb-39dc-45b2-bb6e-e831999b70b9}</UniqueIdentifier>
    </Filter>
  </ItemGroup>
  <ItemGroup>
    <Text Include="ReadMe.txt" />
  </ItemGroup>
  <ItemGroup>
    <ClInclude Include="stdafx.h">
      <Filter>头文件</Filter>
    </ClInclude>
    <ClInclude Include="targetver.h">
      <Filter>头文件</Filter>
    </ClInclude>
    <ClInclude Include="resource.h">
      <Filter>头文件</Filter>
    </ClInclude>
    <ClInclude Include="LeetCodeCppTest.h">
      <Filter>头文件</Filter>
    </ClInclude>
    <ClInclude Include="TreeNode.h">
      <Filter>头文件</Filter>
    </ClInclude>
    <ClInclude Include="ListNode.h">
      <Filter>头文件</Filter>
    </ClInclude>
  </ItemGroup>
  <ItemGroup>
    <ClCompile Include="stdafx.cpp">
      <Filter>源文件</Filter>
    </ClCompile>
    <ClCompile Include="LeetCodeCpp.cpp">
      <Filter>源文件</Filter>
    </ClCompile>
    <ClCompile Include="861.cpp">
      <Filter>源文件\算法</Filter>
    </ClCompile>
    <ClCompile Include="832.cpp">
      <Filter>源文件\算法</Filter>
    </ClCompile>
    <ClCompile Include="338.cpp">
      <Filter>源文件\算法</Filter>
    </ClCompile>
    <ClCompile Include="461.cpp">
      <Filter>源文件\算法</Filter>
    </ClCompile>
    <ClCompile Include="846.cpp">
      <Filter>源文件\算法</Filter>
    </ClCompile>
    <ClCompile Include="709.cpp">
      <Filter>源文件\算法</Filter>
    </ClCompile>
    <ClCompile Include="94.cpp">
      <Filter>源文件\算法</Filter>
    </ClCompile>
    <ClCompile Include="657.cpp">
      <Filter>源文件\算法</Filter>
    </ClCompile>
    <ClCompile Include="728.cpp">
      <Filter>源文件\算法</Filter>
    </ClCompile>
    <ClCompile Include="476.cpp">
      <Filter>源文件\算法</Filter>
    </ClCompile>
    <ClCompile Include="104.cpp">
      <Filter>源文件\算法</Filter>
    </ClCompile>
    <ClCompile Include="868.cpp">
      <Filter>源文件\算法</Filter>
    </ClCompile>
    <ClCompile Include="342.cpp">
      <Filter>源文件\算法</Filter>
    </ClCompile>
    <ClCompile Include="231.cpp">
      <Filter>源文件\算法</Filter>
    </ClCompile>
    <ClCompile Include="326.cpp">
      <Filter>源文件\算法</Filter>
    </ClCompile>
    <ClCompile Include="537.cpp">
      <Filter>源文件\算法</Filter>
    </ClCompile>
    <ClCompile Include="78.cpp">
      <Filter>源文件\算法</Filter>
    </ClCompile>
    <ClCompile Include="349.cpp">
      <Filter>源文件\算法</Filter>
    </ClCompile>
    <ClCompile Include="171.cpp">
      <Filter>源文件\算法</Filter>
    </ClCompile>
    <ClCompile Include="38.cpp">
      <Filter>源文件\算法</Filter>
    </ClCompile>
    <ClCompile Include="283.cpp">
      <Filter>源文件\算法</Filter>
    </ClCompile>
    <ClCompile Include="122.cpp">
      <Filter>源文件\算法</Filter>
    </ClCompile>
    <ClCompile Include="191.cpp">
      <Filter>源文件\算法</Filter>
    </ClCompile>
    <ClCompile Include="344.cpp">
      <Filter>源文件\算法</Filter>
    </ClCompile>
    <ClCompile Include="206.cpp">
      <Filter>源文件\算法</Filter>
    </ClCompile>
    <ClCompile Include="155.cpp">
      <Filter>源文件\算法</Filter>
    </ClCompile>
    <ClCompile Include="278.cpp">
      <Filter>源文件\算法</Filter>
    </ClCompile>
    <ClCompile Include="121.cpp">
      <Filter>源文件\算法</Filter>
    </ClCompile>
    <ClCompile Include="8.cpp">
      <Filter>源文件\算法</Filter>
    </ClCompile>
    <ClCompile Include="189.cpp">
      <Filter>源文件\算法</Filter>
    </ClCompile>
    <ClCompile Include="1.cpp">
      <Filter>源文件\算法</Filter>
    </ClCompile>
    <ClCompile Include="70.cpp">
      <Filter>源文件\算法</Filter>
    </ClCompile>
    <ClCompile Include="53.cpp">
      <Filter>源文件\算法</Filter>
    </ClCompile>
    <ClCompile Include="198.cpp">
      <Filter>源文件\算法</Filter>
    </ClCompile>
    <ClCompile Include="220.cpp">
      <Filter>源文件\算法</Filter>
    </ClCompile>
    <ClCompile Include="15.cpp">
      <Filter>源文件\算法</Filter>
    </ClCompile>
    <ClCompile Include="14.cpp">
      <Filter>源文件\算法</Filter>
    </ClCompile>
    <ClCompile Include="3.cpp">
      <Filter>源文件\算法</Filter>
    </ClCompile>
    <ClCompile Include="128.cpp">
      <Filter>源文件\算法</Filter>
    </ClCompile>
    <ClCompile Include="44.cpp">
      <Filter>源文件\算法</Filter>
    </ClCompile>
    <ClCompile Include="46.cpp">
      <Filter>源文件\算法</Filter>
    </ClCompile>
    <ClCompile Include="217.cpp">
      <Filter>源文件\算法</Filter>
    </ClCompile>
    <ClCompile Include="136.cpp">
      <Filter>源文件\算法</Filter>
    </ClCompile>
    <ClCompile Include="350.cpp">
      <Filter>源文件\算法</Filter>
    </ClCompile>
    <ClCompile Include="2.cpp">
      <Filter>源文件\算法</Filter>
    </ClCompile>
    <ClCompile Include="48.cpp">
      <Filter>源文件\算法</Filter>
    </ClCompile>
    <ClCompile Include="7.cpp">
      <Filter>源文件\算法</Filter>
    </ClCompile>
    <ClCompile Include="387.cpp">
      <Filter>源文件\算法</Filter>
    </ClCompile>
    <ClCompile Include="242.cpp">
      <Filter>源文件\算法</Filter>
    </ClCompile>
    <ClCompile Include="125.cpp">
      <Filter>源文件\算法</Filter>
    </ClCompile>
    <ClCompile Include="28.cpp">
      <Filter>源文件\算法</Filter>
    </ClCompile>
    <ClCompile Include="214.cpp">
      <Filter>源文件\算法</Filter>
    </ClCompile>
    <ClCompile Include="19.cpp">
      <Filter>源文件\算法</Filter>
    </ClCompile>
    <ClCompile Include="21.cpp">
      <Filter>源文件\算法</Filter>
    </ClCompile>
    <ClCompile Include="234.cpp">
      <Filter>源文件\算法</Filter>
    </ClCompile>
    <ClCompile Include="141.cpp">
      <Filter>源文件\算法</Filter>
    </ClCompile>
    <ClCompile Include="98.cpp">
      <Filter>源文件\算法</Filter>
    </ClCompile>
    <ClCompile Include="101对称二叉树.cpp">
      <Filter>源文件\算法</Filter>
    </ClCompile>
    <ClCompile Include="102二叉树的层次遍历.cpp">
      <Filter>源文件\算法</Filter>
    </ClCompile>
    <ClCompile Include="108将有序数组转换为二叉搜索树.cpp">
      <Filter>源文件\算法</Filter>
    </ClCompile>
    <ClCompile Include="814二叉树剪枝.cpp">
      <Filter>源文件\算法</Filter>
    </ClCompile>
    <ClCompile Include="654最大二叉树.cpp">
      <Filter>源文件\算法</Filter>
    </ClCompile>
    <ClCompile Include="617合并二叉树.cpp">
      <Filter>源文件\算法</Filter>
    </ClCompile>
    <ClCompile Include="226翻转二叉树.cpp">
      <Filter>源文件\算法</Filter>
    </ClCompile>
    <ClCompile Include="111二叉树的最小深度.cpp">
      <Filter>源文件\算法</Filter>
    </ClCompile>
    <ClCompile Include="88合并两个有序数组.cpp">
      <Filter>源文件\算法</Filter>
    </ClCompile>
    <ClCompile Include="384打乱数组.cpp">
      <Filter>源文件\算法</Filter>
    </ClCompile>
    <ClCompile Include="204计数质数.cpp">
      <Filter>源文件\算法</Filter>
    </ClCompile>
    <ClCompile Include="237删除链表中的节点.cpp">
      <Filter>源文件\算法</Filter>
    </ClCompile>
    <ClCompile Include="132分隔回文串.cpp">
      <Filter>源文件\算法</Filter>
    </ClCompile>
  </ItemGroup>
  <ItemGroup>
    <ResourceCompile Include="LeetCodeCpp.rc">
      <Filter>资源文件</Filter>
    </ResourceCompile>
  </ItemGroup>
</Project>